
Microsoft Visual Studio Solution File, Format Version 12.00
# Visual Studio Version 16
VisualStudioVersion = 16.0.32228.343
MinimumVisualStudioVersion = 10.0.40219.1
Project("{FAE04EC0-301F-11D3-BF4B-00C04F79EFBC}") = "TravelWeb", "TravelWeb\TravelWeb.csproj", "{F37394E5-D175-4B9D-A125-8ECE06EB9B39}"
EndProject
Global
	GlobalSection(SolutionConfigurationPlatforms) = preSolution
		Debug|Any CPU = Debug|Any CPU
		Release|Any CPU = Release|Any CPU
	EndGlobalSection
	GlobalSection(ProjectConfigurationPlatforms) = postSolution
		{F37394E5-D175-4B9D-A125-8ECE06EB9B39}.Debug|Any CPU.ActiveCfg = Debug|Any CPU
		{F37394E5-D175-4B9D-A125-8ECE06EB9B39}.Debug|Any CPU.Build.0 = Debug|Any CPU
		{F37394E5-D175-4B9D-A125-8ECE06EB9B39}.Release|Any CPU.ActiveCfg = Release|Any CPU
		{F37394E5-D175-4B9D-A125-8ECE06EB9B39}.Release|Any CPU.Build.0 = Release|Any CPU
	EndGlobalSection
	GlobalSection(SolutionProperties) = preSolution
		HideSolutionNode = FALSE
	EndGlobalSection
	GlobalSection(ExtensibilityGlobals) = postSolution
		SolutionGuid = {CF0FA1E6-D4A0-467C-9C07-DC6D4D8B24DE}
	EndGlobalSection
EndGlobal
